
Microsoft Visual Studio Solution File, Format Version 12.00
# Visual Studio Version 16
VisualStudioVersion = 16.0.30907.101
MinimumVisualStudioVersion = 10.0.40219.1
Project("{FAE04EC0-301F-11D3-BF4B-00C04F79EFBC}") = "calc2", "calc2\calc2.csproj", "{7F4D22FE-B715-4787-80DA-08B4C519F427}"
EndProject
Global
	GlobalSection(SolutionConfigurationPlatforms) = preSolution
		Debug|Any CPU = Debug|Any CPU
		Release|Any CPU = Release|Any CPU
	EndGlobalSection
	GlobalSection(ProjectConfigurationPlatforms) = postSolution
		{7F4D22FE-B715-4787-80DA-08B4C519F427}.Debug|Any CPU.ActiveCfg = Debug|Any CPU
		{7F4D22FE-B715-4787-80DA-08B4C519F427}.Debug|Any CPU.Build.0 = Debug|Any CPU
		{7F4D22FE-B715-4787-80DA-08B4C519F427}.Release|Any CPU.ActiveCfg = Release|Any CPU
		{7F4D22FE-B715-4787-80DA-08B4C519F427}.Release|Any CPU.Build.0 = Release|Any CPU
	EndGlobalSection
	GlobalSection(SolutionProperties) = preSolution
		HideSolutionNode = FALSE
	EndGlobalSection
	GlobalSection(ExtensibilityGlobals) = postSolution
		SolutionGuid = {AA2A9ED7-A45D-4C25-A61D-67ABA671A875}
	EndGlobalSection
EndGlobal
